
Microsoft Visual Studio Solution File, Format Version 12.00
Project("{2150E333-8FDC-42A3-9474-1A3956D46DE8}") = "Dominio", "Dominio", "{CC096CCF-3B19-42A0-8FC5-C713F3802448}"
EndProject
Project("{FAE04EC0-301F-11D3-BF4B-00C04F79EFBC}") = "Trivo.Dominio", "Trivo.Dominio\Trivo.Dominio.csproj", "{AEB846AA-0A23-4824-960A-48803843796D}"
EndProject
Project("{2150E333-8FDC-42A3-9474-1A3956D46DE8}") = "Infraestructura", "Infraestructura", "{744D25B2-C939-4171-9C58-DDFA6A40F283}"
EndProject
Project("{2150E333-8FDC-42A3-9474-1A3956D46DE8}") = "src", "src", "{241CBC60-DDDE-46A2-9DAB-21D727E85DF3}"
EndProject
Project("{FAE04EC0-301F-11D3-BF4B-00C04F79EFBC}") = "Trivo.Infraestructura.Persistencia", "Trivo.Infraestructura.Persistencia\Trivo.Infraestructura.Persistencia.csproj", "{0E2EC0F7-280D-4BE7-AE87-EC31E8E78AB4}"
EndProject
Global
	GlobalSection(SolutionConfigurationPlatforms) = preSolution
		Debug|Any CPU = Debug|Any CPU
		Release|Any CPU = Release|Any CPU
	EndGlobalSection
	GlobalSection(NestedProjects) = preSolution
		{AEB846AA-0A23-4824-960A-48803843796D} = {CC096CCF-3B19-42A0-8FC5-C713F3802448}
		{CC096CCF-3B19-42A0-8FC5-C713F3802448} = {241CBC60-DDDE-46A2-9DAB-21D727E85DF3}
		{744D25B2-C939-4171-9C58-DDFA6A40F283} = {241CBC60-DDDE-46A2-9DAB-21D727E85DF3}
		{0E2EC0F7-280D-4BE7-AE87-EC31E8E78AB4} = {744D25B2-C939-4171-9C58-DDFA6A40F283}
	EndGlobalSection
	GlobalSection(ProjectConfigurationPlatforms) = postSolution
		{AEB846AA-0A23-4824-960A-48803843796D}.Debug|Any CPU.ActiveCfg = Debug|Any CPU
		{AEB846AA-0A23-4824-960A-48803843796D}.Debug|Any CPU.Build.0 = Debug|Any CPU
		{AEB846AA-0A23-4824-960A-48803843796D}.Release|Any CPU.ActiveCfg = Release|Any CPU
		{AEB846AA-0A23-4824-960A-48803843796D}.Release|Any CPU.Build.0 = Release|Any CPU
		{0E2EC0F7-280D-4BE7-AE87-EC31E8E78AB4}.Debug|Any CPU.ActiveCfg = Debug|Any CPU
		{0E2EC0F7-280D-4BE7-AE87-EC31E8E78AB4}.Debug|Any CPU.Build.0 = Debug|Any CPU
		{0E2EC0F7-280D-4BE7-AE87-EC31E8E78AB4}.Release|Any CPU.ActiveCfg = Release|Any CPU
		{0E2EC0F7-280D-4BE7-AE87-EC31E8E78AB4}.Release|Any CPU.Build.0 = Release|Any CPU
	EndGlobalSection
EndGlobal
